
Microsoft Visual Studio Solution File, Format Version 12.00
# Visual Studio Version 17
VisualStudioVersion = 17.2.32526.322
MinimumVisualStudioVersion = 10.0.40219.1
Project("{9A19103F-16F7-4668-BE54-9A1E7A4F7556}") = "SpiralAngle.Blazor.Extensions", "SpiralAngle.Blazor.Extensions.csproj", "{F18B7DD0-F101-46FB-99A9-712CCBB9624C}"
EndProject
Global
	GlobalSection(SolutionConfigurationPlatforms) = preSolution
		Debug|Any CPU = Debug|Any CPU
		Release|Any CPU = Release|Any CPU
	EndGlobalSection
	GlobalSection(ProjectConfigurationPlatforms) = postSolution
		{F18B7DD0-F101-46FB-99A9-712CCBB9624C}.Debug|Any CPU.ActiveCfg = Debug|Any CPU
		{F18B7DD0-F101-46FB-99A9-712CCBB9624C}.Debug|Any CPU.Build.0 = Debug|Any CPU
		{F18B7DD0-F101-46FB-99A9-712CCBB9624C}.Release|Any CPU.ActiveCfg = Release|Any CPU
		{F18B7DD0-F101-46FB-99A9-712CCBB9624C}.Release|Any CPU.Build.0 = Release|Any CPU
	EndGlobalSection
	GlobalSection(SolutionProperties) = preSolution
		HideSolutionNode = FALSE
	EndGlobalSection
	GlobalSection(ExtensibilityGlobals) = postSolution
		SolutionGuid = {16617206-321B-4270-87F9-7D85F11EE129}
	EndGlobalSection
EndGlobal
